// !$*UTF8*$!
{
	archiveVersion = 1;
	classes = {
	};
	objectVersion = 77;
	objects = {

/* Begin PBXBuildFile section */
		37CC2AD12F6AF99600143940 /* AppIconRenderer.swift in Sources */ = {isa = PBXBuildFile; fileRef = 37CC2AD02F6AF99600143940 /* AppIconRenderer.swift */; };
/* End PBXBuildFile section */

/* Begin PBXContainerItemProxy section */
		37CC2A8D2F6A0C6900143940 /* PBXContainerItemProxy */ = {
			isa = PBXContainerItemProxy;
			containerPortal = 37CC2A752F6A0C6800143940 /* Project object */;
			proxyType = 1;
			remoteGlobalIDString = 37CC2A7C2F6A0C6800143940;
			remoteInfo = MacAMRP;
		};
		37CC2A972F6A0C6900143940 /* PBXContainerItemProxy */ = {
			isa = PBXContainerItemProxy;
			containerPortal = 37CC2A752F6A0C6800143940 /* Project object */;
			proxyType = 1;
			remoteGlobalIDString = 37CC2A7C2F6A0C6800143940;
			remoteInfo = MacAMRP;
		};
/* End PBXContainerItemProxy section */

/* Begin PBXFileReference section */
		37CC2A7D2F6A0C6800143940 /* MacAMRP.app */ = {isa = PBXFileReference; explicitFileType = wrapper.application; includeInIndex = 0; path = MacAMRP.app; sourceTree = BUILT_PRODUCTS_DIR; };
		37CC2A8C2F6A0C6900143940 /* MacAMRPTests.xctest */ = {isa = PBXFileReference; explicitFileType = wrapper.cfbundle; includeInIndex = 0; path = MacAMRPTests.xctest; sourceTree = BUILT_PRODUCTS_DIR; };
		37CC2A962F6A0C6900143940 /* MacAMRPUITests.xctest */ = {isa = PBXFileReference; explicitFileType = wrapper.cfbundle; includeInIndex = 0; path = MacAMRPUITests.xctest; sourceTree = BUILT_PRODUCTS_DIR; };
		37CC2AD02F6AF99600143940 /* AppIconRenderer.swift */ = {isa = PBXFileReference; lastKnownFileType = sourcecode.swift; path = AppIconRenderer.swift; sourceTree = "<group>"; };
/* End PBXFileReference section */

/* Begin PBXFileSystemSynchronizedBuildFileExceptionSet section */
		37CC2AB62F6A1DD600143940 /* Exceptions for "MacAMRP" folder in "MacAMRP" target */ = {
			isa = PBXFileSystemSynchronizedBuildFileExceptionSet;
			membershipExceptions = (
				Info.plist,
			);
			target = 37CC2A7C2F6A0C6800143940 /* MacAMRP */;
		};
/* End PBXFileSystemSynchronizedBuildFileExceptionSet section */

/* Begin PBXFileSystemSynchronizedRootGroup section */
		37CC2A7F2F6A0C6800143940 /* MacAMRP */ = {
			isa = PBXFileSystemSynchronizedRootGroup;
			exceptions = (
				37CC2AB62F6A1DD600143940 /* Exceptions for "MacAMRP" folder in "MacAMRP" target */,
			);
			path = MacAMRP;
			sourceTree = "<group>";
		};
		37CC2A8F2F6A0C6900143940 /* MacAMRPTests */ = {
			isa = PBXFileSystemSynchronizedRootGroup;
			path = MacAMRPTests;
			sourceTree = "<group>";
		};
		37CC2A992F6A0C6900143940 /* MacAMRPUITests */ = {
			isa = PBXFileSystemSynchronizedRootGroup;
			path = MacAMRPUITests;
			sourceTree = "<group>";
		};
/* End PBXFileSystemSynchronizedRootGroup section */

/* Begin PBXFrameworksBuildPhase section */
		37CC2A7A2F6A0C6800143940 /* Frameworks */ = {
			isa = PBXFrameworksBuildPhase;
			buildActionMask = 2147483647;
			files = (
			);
			runOnlyForDeploymentPostprocessing = 0;
		};
		37CC2A892F6A0C6900143940 /* Frameworks */ = {
			isa = PBXFrameworksBuildPhase;
			buildActionMask = 2147483647;
			files = (
			);
			runOnlyForDeploymentPostprocessing = 0;
		};
		37CC2A932F6A0C6900143940 /* Frameworks */ = {
			isa = PBXFrameworksBuildPhase;
			buildActionMask = 2147483647;
			files = (
			);
			runOnlyForDeploymentPostprocessing = 0;
		};
/* End PBXFrameworksBuildPhase section */

/* Begin PBXGroup section */
		37CC2A742F6A0C6800143940 = {
			isa = PBXGroup;
			children = (
				37CC2A7F2F6A0C6800143940 /* MacAMRP */,
				37CC2A8F2F6A0C6900143940 /* MacAMRPTests */,
				37CC2A992F6A0C6900143940 /* MacAMRPUITests */,
				37CC2A7E2F6A0C6800143940 /* Products */,
				37CC2AD02F6AF99600143940 /* AppIconRenderer.swift */,
			);
			sourceTree = "<group>";
		};
		37CC2A7E2F6A0C6800143940 /* Products */ = {
			isa = PBXGroup;
			children = (
				37CC2A7D2F6A0C6800143940 /* MacAMRP.app */,
				37CC2A8C2F6A0C6900143940 /* MacAMRPTests.xctest */,
				37CC2A962F6A0C6900143940 /* MacAMRPUITests.xctest */,
			);
			name = Products;
			sourceTree = "<group>";
		};
/* End PBXGroup section */

/* Begin PBXNativeTarget section */
		37CC2A7C2F6A0C6800143940 /* MacAMRP */ = {
			isa = PBXNativeTarget;
			buildConfigurationList = 37CC2AA02F6A0C6900143940 /* Build configuration list for PBXNativeTarget "MacAMRP" */;
			buildPhases = (
				37CC2A792F6A0C6800143940 /* Sources */,
				37CC2A7A2F6A0C6800143940 /* Frameworks */,
				37CC2A7B2F6A0C6800143940 /* Resources */,
			);
			buildRules = (
			);
			dependencies = (
			);
			fileSystemSynchronizedGroups = (
				37CC2A7F2F6A0C6800143940 /* MacAMRP */,
			);
			name = MacAMRP;
			packageProductDependencies = (
			);
			productName = MacAMRP;
			productReference = 37CC2A7D2F6A0C6800143940 /* MacAMRP.app */;
			productType = "com.apple.product-type.application";
		};
		37CC2A8B2F6A0C6900143940 /* MacAMRPTests */ = {
			isa = PBXNativeTarget;
			buildConfigurationList = 37CC2AA32F6A0C6900143940 /* Build configuration list for PBXNativeTarget "MacAMRPTests" */;
			buildPhases = (
				37CC2A882F6A0C6900143940 /* Sources */,
				37CC2A892F6A0C6900143940 /* Frameworks */,
				37CC2A8A2F6A0C6900143940 /* Resources */,
			);
			buildRules = (
			);
			dependencies = (
				37CC2A8E2F6A0C6900143940 /* PBXTargetDependency */,
			);
			fileSystemSynchronizedGroups = (
				37CC2A8F2F6A0C6900143940 /* MacAMRPTests */,
			);
			name = MacAMRPTests;
			packageProductDependencies = (
			);
			productName = MacAMRPTests;
			productReference = 37CC2A8C2F6A0C6900143940 /* MacAMRPTests.xctest */;
			productType = "com.apple.product-type.bundle.unit-test";
		};
		37CC2A952F6A0C6900143940 /* MacAMRPUITests */ = {
			isa = PBXNativeTarget;
			buildConfigurationList = 37CC2AA62F6A0C6900143940 /* Build configuration list for PBXNativeTarget "MacAMRPUITests" */;
			buildPhases = (
				37CC2A922F6A0C6900143940 /* Sources */,
				37CC2A932F6A0C6900143940 /* Frameworks */,
				37CC2A942F6A0C6900143940 /* Resources */,
			);
			buildRules = (
			);
			dependencies = (
				37CC2A982F6A0C6900143940 /* PBXTargetDependency */,
			);
			fileSystemSynchronizedGroups = (
				37CC2A992F6A0C6900143940 /* MacAMRPUITests */,
			);
			name = MacAMRPUITests;
			packageProductDependencies = (
			);
			productName = MacAMRPUITests;
			productReference = 37CC2A962F6A0C6900143940 /* MacAMRPUITests.xctest */;
			productType = "com.apple.product-type.bundle.ui-testing";
		};
/* End PBXNativeTarget section */

/* Begin PBXProject section */
		37CC2A752F6A0C6800143940 /* Project object */ = {
			isa = PBXProject;
			attributes = {
				BuildIndependentTargetsInParallel = 1;
				LastSwiftUpdateCheck = 2630;
				LastUpgradeCheck = 2700;
				TargetAttributes = {
					37CC2A7C2F6A0C6800143940 = {
						CreatedOnToolsVersion = 26.3;
					};
					37CC2A8B2F6A0C6900143940 = {
						CreatedOnToolsVersion = 26.3;
						TestTargetID = 37CC2A7C2F6A0C6800143940;
					};
					37CC2A952F6A0C6900143940 = {
						CreatedOnToolsVersion = 26.3;
						TestTargetID = 37CC2A7C2F6A0C6800143940;
					};
				};
			};
			buildConfigurationList = 37CC2A782F6A0C6800143940 /* Build configuration list for PBXProject "MacAMRP" */;
			developmentRegion = en;
			hasScannedForEncodings = 0;
			knownRegions = (
				en,
				Base,
			);
			mainGroup = 37CC2A742F6A0C6800143940;
			minimizedProjectReferenceProxies = 1;
			preferredProjectObjectVersion = 77;
			productRefGroup = 37CC2A7E2F6A0C6800143940 /* Products */;
			projectDirPath = "";
			projectRoot = "";
			targets = (
				37CC2A7C2F6A0C6800143940 /* MacAMRP */,
				37CC2A8B2F6A0C6900143940 /* MacAMRPTests */,
				37CC2A952F6A0C6900143940 /* MacAMRPUITests */,
			);
		};
/* End PBXProject section */

/* Begin PBXResourcesBuildPhase section */
		37CC2A7B2F6A0C6800143940 /* Resources */ = {
			isa = PBXResourcesBuildPhase;
			buildActionMask = 2147483647;
			files = (
			);
			runOnlyForDeploymentPostprocessing = 0;
		};
		37CC2A8A2F6A0C6900143940 /* Resources */ = {
			isa = PBXResourcesBuildPhase;
			buildActionMask = 2147483647;
			files = (
			);
			runOnlyForDeploymentPostprocessing = 0;
		};
		37CC2A942F6A0C6900143940 /* Resources */ = {
			isa = PBXResourcesBuildPhase;
			buildActionMask = 2147483647;
			files = (
			);
			runOnlyForDeploymentPostprocessing = 0;
		};
/* End PBXResourcesBuildPhase section */

/* Begin PBXSourcesBuildPhase section */
		37CC2A792F6A0C6800143940 /* Sources */ = {
			isa = PBXSourcesBuildPhase;
			buildActionMask = 2147483647;
			files = (
				37CC2AD12F6AF99600143940 /* AppIconRenderer.swift in Sources */,
			);
			runOnlyForDeploymentPostprocessing = 0;
		};
		37CC2A882F6A0C6900143940 /* Sources */ = {
			isa = PBXSourcesBuildPhase;
			buildActionMask = 2147483647;
			files = (
			);
			runOnlyForDeploymentPostprocessing = 0;
		};
		37CC2A922F6A0C6900143940 /* Sources */ = {
			isa = PBXSourcesBuildPhase;
			buildActionMask = 2147483647;
			files = (
			);
			runOnlyForDeploymentPostprocessing = 0;
		};
/* End PBXSourcesBuildPhase section */

/* Begin PBXTargetDependency section */
		37CC2A8E2F6A0C6900143940 /* PBXTargetDependency */ = {
			isa = PBXTargetDependency;
			target = 37CC2A7C2F6A0C6800143940 /* MacAMRP */;
			targetProxy = 37CC2A8D2F6A0C6900143940 /* PBXContainerItemProxy */;
		};
		37CC2A982F6A0C6900143940 /* PBXTargetDependency */ = {
			isa = PBXTargetDependency;
			target = 37CC2A7C2F6A0C6800143940 /* MacAMRP */;
			targetProxy = 37CC2A972F6A0C6900143940 /* PBXContainerItemProxy */;
		};
/* End PBXTargetDependency section */

/* Begin XCBuildConfiguration section */
		37CC2A9E2F6A0C6900143940 /* Debug */ = {
			isa = XCBuildConfiguration;
			buildSettings = {
				ALWAYS_SEARCH_USER_PATHS = NO;
				ASSETCATALOG_COMPILER_GENERATE_SWIFT_ASSET_SYMBOL_EXTENSIONS = YES;
				CLANG_ANALYZER_NONNULL = YES;
				CLANG_ANALYZER_NUMBER_OBJECT_CONVERSION = YES_AGGRESSIVE;
				CLANG_CXX_LANGUAGE_STANDARD = "gnu++20";
				CLANG_ENABLE_MODULES = YES;
				CLANG_ENABLE_OBJC_ARC = YES;
				CLANG_ENABLE_OBJC_WEAK = YES;
				CLANG_WARN_BLOCK_CAPTURE_AUTORELEASING = YES;
				CLANG_WARN_BOOL_CONVERSION = YES;
				CLANG_WARN_COMMA = YES;
				CLANG_WARN_CONSTANT_CONVERSION = YES;
				CLANG_WARN_DEPRECATED_OBJC_IMPLEMENTATIONS = YES;
				CLANG_WARN_DIRECT_OBJC_ISA_USAGE = YES_ERROR;
				CLANG_WARN_DOCUMENTATION_COMMENTS = YES;
				CLANG_WARN_EMPTY_BODY = YES;
				CLANG_WARN_ENUM_CONVERSION = YES;
				CLANG_WARN_INFINITE_RECURSION = YES;
				CLANG_WARN_INT_CONVERSION = YES;
				CLANG_WARN_NON_LITERAL_NULL_CONVERSION = YES;
				CLANG_WARN_OBJC_IMPLICIT_RETAIN_SELF = YES;
				CLANG_WARN_OBJC_LITERAL_CONVERSION = YES;
				CLANG_WARN_OBJC_ROOT_CLASS = YES_ERROR;
				CLANG_WARN_QUOTED_INCLUDE_IN_FRAMEWORK_HEADER = YES;
				CLANG_WARN_RANGE_LOOP_ANALYSIS = YES;
				CLANG_WARN_STRICT_PROTOTYPES = YES;
				CLANG_WARN_SUSPICIOUS_MOVE = YES;
				CLANG_WARN_UNGUARDED_AVAILABILITY = YES_AGGRESSIVE;
				CLANG_WARN_UNREACHABLE_CODE = YES;
				CLANG_WARN__DUPLICATE_METHOD_MATCH = YES;
				COPY_PHASE_STRIP = NO;
				DEAD_CODE_STRIPPING = YES;
				DEBUG_INFORMATION_FORMAT = dwarf;
				DEVELOPMENT_TEAM = 8PZFAJX6FT;
				ENABLE_STRICT_OBJC_MSGSEND = YES;
				ENABLE_TESTABILITY = YES;
				ENABLE_USER_SCRIPT_SANDBOXING = YES;
				GCC_C_LANGUAGE_STANDARD = gnu17;
				GCC_DYNAMIC_NO_PIC = NO;
				GCC_NO_COMMON_BLOCKS = YES;
				GCC_OPTIMIZATION_LEVEL = 0;
				GCC_PREPROCESSOR_DEFINITIONS = (
					"DEBUG=1",
					"$(inherited)",
				);
				GCC_WARN_64_TO_32_BIT_CONVERSION = YES;
				GCC_WARN_ABOUT_RETURN_TYPE = YES_ERROR;
				GCC_WARN_UNDECLARED_SELECTOR = YES;
				GCC_WARN_UNINITIALIZED_AUTOS = YES_AGGRESSIVE;
				GCC_WARN_UNUSED_FUNCTION = YES;
				GCC_WARN_UNUSED_VARIABLE = YES;
				LOCALIZATION_PREFERS_STRING_CATALOGS = YES;
				MACOSX_DEPLOYMENT_TARGET = 26.2;
				MTL_ENABLE_DEBUG_INFO = INCLUDE_SOURCE;
				MTL_FAST_MATH = YES;
				ONLY_ACTIVE_ARCH = YES;
				SDKROOT = macosx;
				STRING_CATALOG_GENERATE_SYMBOLS = YES;
				SWIFT_ACTIVE_COMPILATION_CONDITIONS = "DEBUG $(inherited)";
				SWIFT_OPTIMIZATION_LEVEL = "-Onone";
			};
			name = Debug;
		};
		37CC2A9F2F6A0C6900143940 /* Release */ = {
			isa = XCBuildConfiguration;
			buildSettings = {
				ALWAYS_SEARCH_USER_PATHS = NO;
				ASSETCATALOG_COMPILER_GENERATE_SWIFT_ASSET_SYMBOL_EXTENSIONS = YES;
				CLANG_ANALYZER_NONNULL = YES;
				CLANG_ANALYZER_NUMBER_OBJECT_CONVERSION = YES_AGGRESSIVE;
				CLANG_CXX_LANGUAGE_STANDARD = "gnu++20";
				CLANG_ENABLE_MODULES = YES;
				CLANG_ENABLE_OBJC_ARC = YES;
				CLANG_ENABLE_OBJC_WEAK = YES;
				CLANG_WARN_BLOCK_CAPTURE_AUTORELEASING = YES;
				CLANG_WARN_BOOL_CONVERSION = YES;
				CLANG_WARN_COMMA = YES;
				CLANG_WARN_CONSTANT_CONVERSION = YES;
				CLANG_WARN_DEPRECATED_OBJC_IMPLEMENTATIONS = YES;
				CLANG_WARN_DIRECT_OBJC_ISA_USAGE = YES_ERROR;
				CLANG_WARN_DOCUMENTATION_COMMENTS = YES;
				CLANG_WARN_EMPTY_BODY = YES;
				CLANG_WARN_ENUM_CONVERSION = YES;
				CLANG_WARN_INFINITE_RECURSION = YES;
				CLANG_WARN_INT_CONVERSION = YES;
				CLANG_WARN_NON_LITERAL_NULL_CONVERSION = YES;
				CLANG_WARN_OBJC_IMPLICIT_RETAIN_SELF = YES;
				CLANG_WARN_OBJC_LITERAL_CONVERSION = YES;
				CLANG_WARN_OBJC_ROOT_CLASS = YES_ERROR;
				CLANG_WARN_QUOTED_INCLUDE_IN_FRAMEWORK_HEADER = YES;
				CLANG_WARN_RANGE_LOOP_ANALYSIS = YES;
				CLANG_WARN_STRICT_PROTOTYPES = YES;
				CLANG_WARN_SUSPICIOUS_MOVE = YES;
				CLANG_WARN_UNGUARDED_AVAILABILITY = YES_AGGRESSIVE;
				CLANG_WARN_UNREACHABLE_CODE = YES;
				CLANG_WARN__DUPLICATE_METHOD_MATCH = YES;
				COPY_PHASE_STRIP = NO;
				DEAD_CODE_STRIPPING = YES;
				DEBUG_INFORMATION_FORMAT = "dwarf-with-dsym";
				DEVELOPMENT_TEAM = 8PZFAJX6FT;
				ENABLE_NS_ASSERTIONS = NO;
				ENABLE_STRICT_OBJC_MSGSEND = YES;
				ENABLE_USER_SCRIPT_SANDBOXING = YES;
				GCC_C_LANGUAGE_STANDARD = gnu17;
				GCC_NO_COMMON_BLOCKS = YES;
				GCC_WARN_64_TO_32_BIT_CONVERSION = YES;
				GCC_WARN_ABOUT_RETURN_TYPE = YES_ERROR;
				GCC_WARN_UNDECLARED_SELECTOR = YES;
				GCC_WARN_UNINITIALIZED_AUTOS = YES_AGGRESSIVE;
				GCC_WARN_UNUSED_FUNCTION = YES;
				GCC_WARN_UNUSED_VARIABLE = YES;
				LOCALIZATION_PREFERS_STRING_CATALOGS = YES;
				MACOSX_DEPLOYMENT_TARGET = 26.2;
				MTL_ENABLE_DEBUG_INFO = NO;
				MTL_FAST_MATH = YES;
				SDKROOT = macosx;
				STRING_CATALOG_GENERATE_SYMBOLS = YES;
				SWIFT_COMPILATION_MODE = wholemodule;
			};
			name = Release;
		};
		37CC2AA12F6A0C6900143940 /* Debug */ = {
			isa = XCBuildConfiguration;
			buildSettings = {
				ASSETCATALOG_COMPILER_APPICON_NAME = AppIcon;
				ASSETCATALOG_COMPILER_GLOBAL_ACCENT_COLOR_NAME = AccentColor;
				CODE_SIGN_ENTITLEMENTS = MacAMRP/MacAMRP.entitlements;
				CODE_SIGN_STYLE = Automatic;
				COMBINE_HIDPI_IMAGES = YES;
				CURRENT_PROJECT_VERSION = 1;
				DEAD_CODE_STRIPPING = YES;
				DEVELOPMENT_TEAM = 8PZFAJX6FT;
				ENABLE_APP_SANDBOX = NO;
				ENABLE_HARDENED_RUNTIME = YES;
				ENABLE_PREVIEWS = YES;
				ENABLE_USER_SELECTED_FILES = readonly;
				GENERATE_INFOPLIST_FILE = NO;
				INFOPLIST_FILE = MacAMRP/Info.plist;
				INFOPLIST_KEY_NSHumanReadableCopyright = "";
				LD_RUNPATH_SEARCH_PATHS = (
					"$(inherited)",
					"@executable_path/../Frameworks",
				);
				MARKETING_VERSION = 1.0;
				PRODUCT_BUNDLE_IDENTIFIER = danielmorgan.MacAMRP;
				PRODUCT_NAME = "$(TARGET_NAME)";
				REGISTER_APP_GROUPS = YES;
				STRING_CATALOG_GENERATE_SYMBOLS = YES;
				SWIFT_APPROACHABLE_CONCURRENCY = YES;
				SWIFT_DEFAULT_ACTOR_ISOLATION = MainActor;
				SWIFT_EMIT_LOC_STRINGS = YES;
				SWIFT_UPCOMING_FEATURE_MEMBER_IMPORT_VISIBILITY = YES;
				SWIFT_VERSION = 5.0;
			};
			name = Debug;
		};
		37CC2AA22F6A0C6900143940 /* Release */ = {
			isa = XCBuildConfiguration;
			buildSettings = {
				ASSETCATALOG_COMPILER_APPICON_NAME = AppIcon;
				ASSETCATALOG_COMPILER_GLOBAL_ACCENT_COLOR_NAME = AccentColor;
				CODE_SIGN_ENTITLEMENTS = MacAMRP/MacAMRP.entitlements;
				CODE_SIGN_STYLE = Automatic;
				COMBINE_HIDPI_IMAGES = YES;
				CURRENT_PROJECT_VERSION = 1;
				DEAD_CODE_STRIPPING = YES;
				DEVELOPMENT_TEAM = 8PZFAJX6FT;
				ENABLE_APP_SANDBOX = NO;
				ENABLE_HARDENED_RUNTIME = YES;
				ENABLE_PREVIEWS = YES;
				ENABLE_USER_SELECTED_FILES = readonly;
				GENERATE_INFOPLIST_FILE = NO;
				INFOPLIST_FILE = MacAMRP/Info.plist;
				INFOPLIST_KEY_NSHumanReadableCopyright = "";
				LD_RUNPATH_SEARCH_PATHS = (
					"$(inherited)",
					"@executable_path/../Frameworks",
				);
				MARKETING_VERSION = 1.0;
				PRODUCT_BUNDLE_IDENTIFIER = danielmorgan.MacAMRP;
				PRODUCT_NAME = "$(TARGET_NAME)";
				REGISTER_APP_GROUPS = YES;
				STRING_CATALOG_GENERATE_SYMBOLS = YES;
				SWIFT_APPROACHABLE_CONCURRENCY = YES;
				SWIFT_DEFAULT_ACTOR_ISOLATION = MainActor;
				SWIFT_EMIT_LOC_STRINGS = YES;
				SWIFT_UPCOMING_FEATURE_MEMBER_IMPORT_VISIBILITY = YES;
				SWIFT_VERSION = 5.0;
			};
			name = Release;
		};
		37CC2AA42F6A0C6900143940 /* Debug */ = {
			isa = XCBuildConfiguration;
			buildSettings = {
				BUNDLE_LOADER = "$(TEST_HOST)";
				CODE_SIGN_STYLE = Automatic;
				CURRENT_PROJECT_VERSION = 1;
				DEAD_CODE_STRIPPING = YES;
				DEVELOPMENT_TEAM = 8PZFAJX6FT;
				GENERATE_INFOPLIST_FILE = YES;
				MACOSX_DEPLOYMENT_TARGET = 26.2;
				MARKETING_VERSION = 1.0;
				PRODUCT_BUNDLE_IDENTIFIER = danielmorgan.MacAMRPTests;
				PRODUCT_NAME = "$(TARGET_NAME)";
				STRING_CATALOG_GENERATE_SYMBOLS = NO;
				SWIFT_APPROACHABLE_CONCURRENCY = YES;
				SWIFT_EMIT_LOC_STRINGS = NO;
				SWIFT_UPCOMING_FEATURE_MEMBER_IMPORT_VISIBILITY = YES;
				SWIFT_VERSION = 5.0;
				TEST_HOST = "$(BUILT_PRODUCTS_DIR)/MacAMRP.app/$(BUNDLE_EXECUTABLE_FOLDER_PATH)/MacAMRP";
			};
			name = Debug;
		};
		37CC2AA52F6A0C6900143940 /* Release */ = {
			isa = XCBuildConfiguration;
			buildSettings = {
				BUNDLE_LOADER = "$(TEST_HOST)";
				CODE_SIGN_STYLE = Automatic;
				CURRENT_PROJECT_VERSION = 1;
				DEAD_CODE_STRIPPING = YES;
				DEVELOPMENT_TEAM = 8PZFAJX6FT;
				GENERATE_INFOPLIST_FILE = YES;
				MACOSX_DEPLOYMENT_TARGET = 26.2;
				MARKETING_VERSION = 1.0;
				PRODUCT_BUNDLE_IDENTIFIER = danielmorgan.MacAMRPTests;
				PRODUCT_NAME = "$(TARGET_NAME)";
				STRING_CATALOG_GENERATE_SYMBOLS = NO;
				SWIFT_APPROACHABLE_CONCURRENCY = YES;
				SWIFT_EMIT_LOC_STRINGS = NO;
				SWIFT_UPCOMING_FEATURE_MEMBER_IMPORT_VISIBILITY = YES;
				SWIFT_VERSION = 5.0;
				TEST_HOST = "$(BUILT_PRODUCTS_DIR)/MacAMRP.app/$(BUNDLE_EXECUTABLE_FOLDER_PATH)/MacAMRP";
			};
			name = Release;
		};
		37CC2AA72F6A0C6900143940 /* Debug */ = {
			isa = XCBuildConfiguration;
			buildSettings = {
				CODE_SIGN_STYLE = Automatic;
				CURRENT_PROJECT_VERSION = 1;
				DEAD_CODE_STRIPPING = YES;
				DEVELOPMENT_TEAM = 8PZFAJX6FT;
				GENERATE_INFOPLIST_FILE = YES;
				MARKETING_VERSION = 1.0;
				PRODUCT_BUNDLE_IDENTIFIER = danielmorgan.MacAMRPUITests;
				PRODUCT_NAME = "$(TARGET_NAME)";
				STRING_CATALOG_GENERATE_SYMBOLS = NO;
				SWIFT_APPROACHABLE_CONCURRENCY = YES;
				SWIFT_EMIT_LOC_STRINGS = NO;
				SWIFT_UPCOMING_FEATURE_MEMBER_IMPORT_VISIBILITY = YES;
				SWIFT_VERSION = 5.0;
				TEST_TARGET_NAME = MacAMRP;
			};
			name = Debug;
		};
		37CC2AA82F6A0C6900143940 /* Release */ = {
			isa = XCBuildConfiguration;
			buildSettings = {
				CODE_SIGN_STYLE = Automatic;
				CURRENT_PROJECT_VERSION = 1;
				DEAD_CODE_STRIPPING = YES;
				DEVELOPMENT_TEAM = 8PZFAJX6FT;
				GENERATE_INFOPLIST_FILE = YES;
				MARKETING_VERSION = 1.0;
				PRODUCT_BUNDLE_IDENTIFIER = danielmorgan.MacAMRPUITests;
				PRODUCT_NAME = "$(TARGET_NAME)";
				STRING_CATALOG_GENERATE_SYMBOLS = NO;
				SWIFT_APPROACHABLE_CONCURRENCY = YES;
				SWIFT_EMIT_LOC_STRINGS = NO;
				SWIFT_UPCOMING_FEATURE_MEMBER_IMPORT_VISIBILITY = YES;
				SWIFT_VERSION = 5.0;
				TEST_TARGET_NAME = MacAMRP;
			};
			name = Release;
		};
/* End XCBuildConfiguration section */

/* Begin XCConfigurationList section */
		37CC2A782F6A0C6800143940 /* Build configuration list for PBXProject "MacAMRP" */ = {
			isa = XCConfigurationList;
			buildConfigurations = (
				37CC2A9E2F6A0C6900143940 /* Debug */,
				37CC2A9F2F6A0C6900143940 /* Release */,
			);
			defaultConfigurationIsVisible = 0;
			defaultConfigurationName = Release;
		};
		37CC2AA02F6A0C6900143940 /* Build configuration list for PBXNativeTarget "MacAMRP" */ = {
			isa = XCConfigurationList;
			buildConfigurations = (
				37CC2AA12F6A0C6900143940 /* Debug */,
				37CC2AA22F6A0C6900143940 /* Release */,
			);
			defaultConfigurationIsVisible = 0;
			defaultConfigurationName = Release;
		};
		37CC2AA32F6A0C6900143940 /* Build configuration list for PBXNativeTarget "MacAMRPTests" */ = {
			isa = XCConfigurationList;
			buildConfigurations = (
				37CC2AA42F6A0C6900143940 /* Debug */,
				37CC2AA52F6A0C6900143940 /* Release */,
			);
			defaultConfigurationIsVisible = 0;
			defaultConfigurationName = Release;
		};
		37CC2AA62F6A0C6900143940 /* Build configuration list for PBXNativeTarget "MacAMRPUITests" */ = {
			isa = XCConfigurationList;
			buildConfigurations = (
				37CC2AA72F6A0C6900143940 /* Debug */,
				37CC2AA82F6A0C6900143940 /* Release */,
			);
			defaultConfigurationIsVisible = 0;
			defaultConfigurationName = Release;
		};
/* End XCConfigurationList section */
	};
	rootObject = 37CC2A752F6A0C6800143940 /* Project object */;
}
